
Microsoft Visual Studio Solution File, Format Version 12.00
# Visual Studio 15
VisualStudioVersion = 15.0.28307.902
MinimumVisualStudioVersion = 10.0.40219.1
Project("{FAE04EC0-301F-11D3-BF4B-00C04F79EFBC}") = "TermProject", "TermProject\TermProject.csproj", "{F146DE0D-1C59-4973-BA7C-3326AA9B88BF}"
EndProject
Project("{FAE04EC0-301F-11D3-BF4B-00C04F79EFBC}") = "DatabaseUtilities", "DatabaseUtilities\DatabaseUtilities.csproj", "{7697FAA3-375F-4F0D-9418-CA94F7F19F3A}"
EndProject
Project("{FAE04EC0-301F-11D3-BF4B-00C04F79EFBC}") = "FoodOrderingUtils", "FoodOrderingUtils\FoodOrderingUtils.csproj", "{75FE7597-D2D4-431A-8B47-53BAC18282E4}"
EndProject
Project("{9A19103F-16F7-4668-BE54-9A1E7A4F7556}") = "PaymentProcessor", "PaymentProcessor\PaymentProcessor.csproj", "{606F7E88-865F-43EA-A97A-727CE45A8BA9}"
EndProject
Project("{FAE04EC0-301F-11D3-BF4B-00C04F79EFBC}") = "MerchantRegistration", "MerchantRegistration\MerchantRegistration.csproj", "{A8EC87E4-6C11-4C65-8419-358A4A63B9F3}"
EndProject
Project("{FAE04EC0-301F-11D3-BF4B-00C04F79EFBC}") = "PaymentGateway", "PaymentGateway\PaymentGateway.csproj", "{DBA2D8BA-C9DE-4E72-B6A6-7134F752B131}"
EndProject
Global
	GlobalSection(SolutionConfigurationPlatforms) = preSolution
		Debug|Any CPU = Debug|Any CPU
		Release|Any CPU = Release|Any CPU
	EndGlobalSection
	GlobalSection(ProjectConfigurationPlatforms) = postSolution
		{F146DE0D-1C59-4973-BA7C-3326AA9B88BF}.Debug|Any CPU.ActiveCfg = Debug|Any CPU
		{F146DE0D-1C59-4973-BA7C-3326AA9B88BF}.Debug|Any CPU.Build.0 = Debug|Any CPU
		{F146DE0D-1C59-4973-BA7C-3326AA9B88BF}.Release|Any CPU.ActiveCfg = Release|Any CPU
		{F146DE0D-1C59-4973-BA7C-3326AA9B88BF}.Release|Any CPU.Build.0 = Release|Any CPU
		{7697FAA3-375F-4F0D-9418-CA94F7F19F3A}.Debug|Any CPU.ActiveCfg = Debug|Any CPU
		{7697FAA3-375F-4F0D-9418-CA94F7F19F3A}.Debug|Any CPU.Build.0 = Debug|Any CPU
		{7697FAA3-375F-4F0D-9418-CA94F7F19F3A}.Release|Any CPU.ActiveCfg = Release|Any CPU
		{7697FAA3-375F-4F0D-9418-CA94F7F19F3A}.Release|Any CPU.Build.0 = Release|Any CPU
		{75FE7597-D2D4-431A-8B47-53BAC18282E4}.Debug|Any CPU.ActiveCfg = Debug|Any CPU
		{75FE7597-D2D4-431A-8B47-53BAC18282E4}.Debug|Any CPU.Build.0 = Debug|Any CPU
		{75FE7597-D2D4-431A-8B47-53BAC18282E4}.Release|Any CPU.ActiveCfg = Release|Any CPU
		{75FE7597-D2D4-431A-8B47-53BAC18282E4}.Release|Any CPU.Build.0 = Release|Any CPU
		{606F7E88-865F-43EA-A97A-727CE45A8BA9}.Debug|Any CPU.ActiveCfg = Debug|Any CPU
		{606F7E88-865F-43EA-A97A-727CE45A8BA9}.Debug|Any CPU.Build.0 = Debug|Any CPU
		{606F7E88-865F-43EA-A97A-727CE45A8BA9}.Release|Any CPU.ActiveCfg = Release|Any CPU
		{606F7E88-865F-43EA-A97A-727CE45A8BA9}.Release|Any CPU.Build.0 = Release|Any CPU
		{A8EC87E4-6C11-4C65-8419-358A4A63B9F3}.Debug|Any CPU.ActiveCfg = Debug|Any CPU
		{A8EC87E4-6C11-4C65-8419-358A4A63B9F3}.Debug|Any CPU.Build.0 = Debug|Any CPU
		{A8EC87E4-6C11-4C65-8419-358A4A63B9F3}.Release|Any CPU.ActiveCfg = Release|Any CPU
		{A8EC87E4-6C11-4C65-8419-358A4A63B9F3}.Release|Any CPU.Build.0 = Release|Any CPU
		{DBA2D8BA-C9DE-4E72-B6A6-7134F752B131}.Debug|Any CPU.ActiveCfg = Debug|Any CPU
		{DBA2D8BA-C9DE-4E72-B6A6-7134F752B131}.Debug|Any CPU.Build.0 = Debug|Any CPU
		{DBA2D8BA-C9DE-4E72-B6A6-7134F752B131}.Release|Any CPU.ActiveCfg = Release|Any CPU
		{DBA2D8BA-C9DE-4E72-B6A6-7134F752B131}.Release|Any CPU.Build.0 = Release|Any CPU
	EndGlobalSection
	GlobalSection(SolutionProperties) = preSolution
		HideSolutionNode = FALSE
	EndGlobalSection
	GlobalSection(ExtensibilityGlobals) = postSolution
		SolutionGuid = {C522A313-2B56-44CB-8093-CD7D3DF1C909}
	EndGlobalSection
EndGlobal
